
Microsoft Visual Studio Solution File, Format Version 12.00
# Visual Studio Version 16
VisualStudioVersion = 16.0.32126.315
MinimumVisualStudioVersion = 10.0.40219.1
Project("{FAE04EC0-301F-11D3-BF4B-00C04F79EFBC}") = "ProdKeysManager", "ProdKeysManager\ProdKeysManager.csproj", "{30EAA7FA-7EB4-4560-B205-210B8D65C90C}"
EndProject
Global
	GlobalSection(SolutionConfigurationPlatforms) = preSolution
		Debug|Any CPU = Debug|Any CPU
		Release|Any CPU = Release|Any CPU
	EndGlobalSection
	GlobalSection(ProjectConfigurationPlatforms) = postSolution
		{30EAA7FA-7EB4-4560-B205-210B8D65C90C}.Debug|Any CPU.ActiveCfg = Debug|Any CPU
		{30EAA7FA-7EB4-4560-B205-210B8D65C90C}.Debug|Any CPU.Build.0 = Debug|Any CPU
		{30EAA7FA-7EB4-4560-B205-210B8D65C90C}.Release|Any CPU.ActiveCfg = Release|Any CPU
		{30EAA7FA-7EB4-4560-B205-210B8D65C90C}.Release|Any CPU.Build.0 = Release|Any CPU
	EndGlobalSection
	GlobalSection(SolutionProperties) = preSolution
		HideSolutionNode = FALSE
	EndGlobalSection
	GlobalSection(ExtensibilityGlobals) = postSolution
		SolutionGuid = {1DF058BB-F97F-42DB-8836-E9E63107F8D1}
	EndGlobalSection
EndGlobal
